
Microsoft Visual Studio Solution File, Format Version 12.00
# Visual Studio Version 17
VisualStudioVersion = 17.9.34622.214
MinimumVisualStudioVersion = 10.0.40219.1
Project("{FAE04EC0-301F-11D3-BF4B-00C04F79EFBC}") = "Ghostie", "Ghostie\Ghostie.csproj", "{6DB62DF1-CE1E-49BE-BB73-FC98B0983FAB}"
EndProject
Global
	GlobalSection(SolutionConfigurationPlatforms) = preSolution
		Debug|Any CPU = Debug|Any CPU
		Release|Any CPU = Release|Any CPU
	EndGlobalSection
	GlobalSection(ProjectConfigurationPlatforms) = postSolution
		{6DB62DF1-CE1E-49BE-BB73-FC98B0983FAB}.Debug|Any CPU.ActiveCfg = Debug|Any CPU
		{6DB62DF1-CE1E-49BE-BB73-FC98B0983FAB}.Debug|Any CPU.Build.0 = Debug|Any CPU
		{6DB62DF1-CE1E-49BE-BB73-FC98B0983FAB}.Release|Any CPU.ActiveCfg = Release|Any CPU
		{6DB62DF1-CE1E-49BE-BB73-FC98B0983FAB}.Release|Any CPU.Build.0 = Release|Any CPU
	EndGlobalSection
	GlobalSection(SolutionProperties) = preSolution
		HideSolutionNode = FALSE
	EndGlobalSection
	GlobalSection(ExtensibilityGlobals) = postSolution
		SolutionGuid = {9E8353E3-DA65-4561-9E7E-558D0B48F739}
	EndGlobalSection
EndGlobal
